{
  "name": "angular-editor",
  "version": "1.0.0",
  "lockfileVersion": 1,
  "requires": true,
  "dependencies": {
    "@atoze/angular-editor": {
      "version": "0.1.9",
      "resolved": "https://registry.npmjs.org/@atoze/angular-editor/-/angular-editor-0.1.9.tgz",
      "integrity": "sha512-e935eR4AARuquiK1aPRN571LPF8zeG95+Y8gLL7Zysln5tNVXLztrcfL76EeDniy6fDAMXDOSihp/hw+SHTu0A==",
      "requires": {
        "font-awesome": "^4.7.0",
        "tslib": "^1.9.0"
      }
    },
    "@kolkov/angular-editor": {
      "version": "0.13.1",
      "resolved": "https://registry.npmjs.org/@kolkov/angular-editor/-/angular-editor-0.13.1.tgz",
      "integrity": "sha512-9mANEhEleKmKX/xRKBgNrN6RPqkLeYgil0vANv0kMsV/lNBeSJL3Lviz+M8QO64pSYxi44dAqktuJcC68aalIg==",
      "requires": {
        "tslib": "^1.9.0"
      }
    },
    "font-awesome": {
      "version": "4.7.0",
      "resolved": "https://registry.npmjs.org/font-awesome/-/font-awesome-4.7.0.tgz",
      "integrity": "sha1-j6jPBBGhoxr9B7BtKQK7n8gVoTM="
    },
    "tslib": {
      "version": "1.11.1",
      "resolved": "https://registry.npmjs.org/tslib/-/tslib-1.11.1.tgz",
      "integrity": "sha512-aZW88SY8kQbU7gpV19lN24LtXh/yD4ZZg6qieAJDDg+YBsJcSmLGK9QpnUjAKVG/xefmvJGd1WUmfpT/g6AJGA=="
    }
  }
}
